{
  "originHash" : "3bbf2cdd4cc4b760e856021a67ad1968506ed4067be9d2027640561dbb48cb27",
  "pins" : [
    {
      "identity" : "alamofire",
      "kind" : "remoteSourceControl",
      "location" : "https://github.com/Alamofire/Alamofire.git",
      "state" : {
        "revision" : "e938f8c66708e7352fc7e3512647fa54255b267a",
        "version" : "5.11.2"
      }
    },
    {
      "identity" : "simpleswiftcrypto",
      "kind" : "remoteSourceControl",
      "location" : "https://github.com/joehinkle11/SimpleSwiftCrypto",
      "state" : {
        "revision" : "32b0d0ce3adcc727175554285d7a8c66d25b2c6d",
        "version" : "1.0.0"
      }
    },
    {
      "identity" : "swiftdate",
      "kind" : "remoteSourceControl",
      "location" : "https://github.com/malcommac/SwiftDate/",
      "state" : {
        "revision" : "5d943224c3bb173e6ecf27295611615eba90c80e",
        "version" : "7.0.0"
      }
    }
  ],
  "version" : 3
}
